Microsoft Visual Studio Solution File, Format Version 12.00
# Visual Studio Version 17
VisualStudioVersion = 17.5.2.0
MinimumVisualStudioVersion = 10.0.40219.1
Project("{FAE04EC0-301F-11D3-BF4B-00C04F79EFBC}") = "Taller2POO", "Taller2POO.csproj", "{DD8BB456-C79B-2CF2-63D6-BADD0092C45E}"
EndProject
Global
	GlobalSection(SolutionConfigurationPlatforms) = preSolution
		Debug|Any CPU = Debug|Any CPU
		Release|Any CPU = Release|Any CPU
	EndGlobalSection
	GlobalSection(ProjectConfigurationPlatforms) = postSolution
		{DD8BB456-C79B-2CF2-63D6-BADD0092C45E}.Debug|Any CPU.ActiveCfg = Debug|Any CPU
		{DD8BB456-C79B-2CF2-63D6-BADD0092C45E}.Debug|Any CPU.Build.0 = Debug|Any CPU
		{DD8BB456-C79B-2CF2-63D6-BADD0092C45E}.Release|Any CPU.ActiveCfg = Release|Any CPU
		{DD8BB456-C79B-2CF2-63D6-BADD0092C45E}.Release|Any CPU.Build.0 = Release|Any CPU
	EndGlobalSection
	GlobalSection(SolutionProperties) = preSolution
		HideSolutionNode = FALSE
	EndGlobalSection
	GlobalSection(ExtensibilityGlobals) = postSolution
		SolutionGuid = {E05C017B-122A-46AD-B691-631F9E3A119B}
	EndGlobalSection
EndGlobal
